
Microsoft Visual Studio Solution File, Format Version 12.00
# Visual Studio Version 17
VisualStudioVersion = 17.12.35707.178 d17.12
MinimumVisualStudioVersion = 10.0.40219.1
Project("{FAE04EC0-301F-11D3-BF4B-00C04F79EFBC}") = "Workshop5_DoublyLinkedLists.Cor", "Workshop5_DoublyLinkedLists\Workshop5_DoublyLinkedLists.Cor.csproj", "{0CFB79F2-9C6E-47B3-8E2E-37218B4366D2}"
EndProject
Project("{FAE04EC0-301F-11D3-BF4B-00C04F79EFBC}") = "DoubleLists.UI.Console", "DoubleLists.UI.Console\DoubleLists.UI.Console.csproj", "{6A821265-103C-4495-A376-E53E60263AF6}"
EndProject
Global
	GlobalSection(SolutionConfigurationPlatforms) = preSolution
		Debug|Any CPU = Debug|Any CPU
		Release|Any CPU = Release|Any CPU
	EndGlobalSection
	GlobalSection(ProjectConfigurationPlatforms) = postSolution
		{0CFB79F2-9C6E-47B3-8E2E-37218B4366D2}.Debug|Any CPU.ActiveCfg = Debug|Any CPU
		{0CFB79F2-9C6E-47B3-8E2E-37218B4366D2}.Debug|Any CPU.Build.0 = Debug|Any CPU
		{0CFB79F2-9C6E-47B3-8E2E-37218B4366D2}.Release|Any CPU.ActiveCfg = Release|Any CPU
		{0CFB79F2-9C6E-47B3-8E2E-37218B4366D2}.Release|Any CPU.Build.0 = Release|Any CPU
		{6A821265-103C-4495-A376-E53E60263AF6}.Debug|Any CPU.ActiveCfg = Debug|Any CPU
		{6A821265-103C-4495-A376-E53E60263AF6}.Debug|Any CPU.Build.0 = Debug|Any CPU
		{6A821265-103C-4495-A376-E53E60263AF6}.Release|Any CPU.ActiveCfg = Release|Any CPU
		{6A821265-103C-4495-A376-E53E60263AF6}.Release|Any CPU.Build.0 = Release|Any CPU
	EndGlobalSection
	GlobalSection(SolutionProperties) = preSolution
		HideSolutionNode = FALSE
	EndGlobalSection
EndGlobal
